{
  "name": "wordcount",
  "version": "1.0.0",
  "lockfileVersion": 1,
  "requires": true,
  "dependencies": {
    "eslint-config-portsoc": {
      "version": "github:portsoc/eslint-config-portsoc#200b440eab4cb437d83abb4cbab1024f1d7f5aee",
      "from": "github:portsoc/eslint-config-portsoc",
      "dev": true
    }
  }
}
